{
  "name": "actions-k3s",
  "version": "1.0.0",
  "lockfileVersion": 3,
  "requires": true,
  "packages": {
    "": {
      "version": "1.0.0",
      "license": "ISC",
      "dependencies": {
        "@actions/core": "*",
        "@actions/exec": "*",
        "@actions/github": "latest",
        "execa": "*",
        "node-fetch": "*"
      }
    },
    "node_modules/@actions/core": {
      "version": "1.4.0",
      "resolved": "https://registry.npmjs.org/@actions/core/-/core-1.4.0.tgz",
      "integrity": "sha512-CGx2ilGq5i7zSLgiiGUtBCxhRRxibJYU6Fim0Q1Wg2aQL2LTnF27zbqZOrxfvFQ55eSBW0L8uVStgtKMpa0Qlg=="
    },
    "node_modules/@actions/exec": {
      "version": "1.1.0",
      "resolved": "https://registry.npmjs.org/@actions/exec/-/exec-1.1.0.tgz",
      "integrity": "sha512-LImpN9AY0J1R1mEYJjVJfSZWU4zYOlEcwSTgPve1rFQqK5AwrEs6uWW5Rv70gbDIQIAUwI86z6B+9mPK4w9Sbg==",
      "dependencies": {
        "@actions/io": "^1.0.1"
      }
    },
    "node_modules/@actions/github": {
      "version": "6.0.0",
      "resolved": "https://registry.npmjs.org/@actions/github/-/github-6.0.0.tgz",
      "integrity": "sha512-alScpSVnYmjNEXboZjarjukQEzgCRmjMv6Xj47fsdnqGS73bjJNDpiiXmp8jr0UZLdUB6d9jW63IcmddUP+l0g==",
      "license": "MIT",
      "dependencies": {
        "@actions/http-client": "^2.2.0",
        "@octokit/core": "^5.0.1",
        "@octokit/plugin-paginate-rest": "^9.0.0",
        "@octokit/plugin-rest-endpoint-methods": "^10.0.0"
      }
    },
    "node_modules/@actions/http-client": {
      "version": "2.2.3",
      "resolved": "https://registry.npmjs.org/@actions/http-client/-/http-client-2.2.3.tgz",
      "integrity": "sha512-mx8hyJi/hjFvbPokCg4uRd4ZX78t+YyRPtnKWwIl+RzNaVuFpQHfmlGVfsKEJN8LwTCvL+DfVgAM04XaHkm6bA==",
      "license": "MIT",
      "dependencies": {
        "tunnel": "^0.0.6",
        "undici": "^5.25.4"
      }
    },
    "node_modules/@actions/io": {
      "version": "1.1.1",
      "resolved": "https://registry.npmjs.org/@actions/io/-/io-1.1.1.tgz",
      "integrity": "sha512-Qi4JoKXjmE0O67wAOH6y0n26QXhMKMFo7GD/4IXNVcrtLjUlGjGuVys6pQgwF3ArfGTQu0XpqaNr0YhED2RaRA=="
    },
    "node_modules/@fastify/busboy": {
      "version": "2.1.1",
      "resolved": "https://registry.npmjs.org/@fastify/busboy/-/busboy-2.1.1.tgz",
      "integrity": "sha512-vBZP4NlzfOlerQTnba4aqZoMhE/a9HY7HRqoOPaETQcSQuWEIyZMHGfVu6w9wGtGK5fED5qRs2DteVCjOH60sA==",
      "license": "MIT",
      "engines": {
        "node": ">=14"
      }
    },
    "node_modules/@octokit/auth-token": {
      "version": "4.0.0",
      "resolved": "https://registry.npmjs.org/@octokit/auth-token/-/auth-token-4.0.0.tgz",
      "integrity": "sha512-tY/msAuJo6ARbK6SPIxZrPBms3xPbfwBrulZe0Wtr/DIY9lje2HeV1uoebShn6mx7SjCHif6EjMvoREj+gZ+SA==",
      "license": "MIT",
      "engines": {
        "node": ">= 18"
      }
    },
    "node_modules/@octokit/core": {
      "version": "5.2.0",
      "resolved": "https://registry.npmjs.org/@octokit/core/-/core-5.2.0.tgz",
      "integrity": "sha512-1LFfa/qnMQvEOAdzlQymH0ulepxbxnCYAKJZfMci/5XJyIHWgEYnDmgnKakbTh7CH2tFQ5O60oYDvns4i9RAIg==",
      "license": "MIT",
      "dependencies": {
        "@octokit/auth-token": "^4.0.0",
        "@octokit/graphql": "^7.1.0",
        "@octokit/request": "^8.3.1",
        "@octokit/request-error": "^5.1.0",
        "@octokit/types": "^13.0.0",
        "before-after-hook": "^2.2.0",
        "universal-user-agent": "^6.0.0"
      },
      "engines": {
        "node": ">= 18"
      }
    },
    "node_modules/@octokit/endpoint": {
      "version": "9.0.6",
      "resolved": "https://registry.npmjs.org/@octokit/endpoint/-/endpoint-9.0.6.tgz",
      "integrity": "sha512-H1fNTMA57HbkFESSt3Y9+FBICv+0jFceJFPWDePYlR/iMGrwM5ph+Dd4XRQs+8X+PUFURLQgX9ChPfhJ/1uNQw==",
      "license": "MIT",
      "dependencies": {
        "@octokit/types": "^13.1.0",
        "universal-user-agent": "^6.0.0"
      },
      "engines": {
        "node": ">= 18"
      }
    },
    "node_modules/@octokit/graphql": {
      "version": "7.1.0",
      "resolved": "https://registry.npmjs.org/@octokit/graphql/-/graphql-7.1.0.tgz",
      "integrity": "sha512-r+oZUH7aMFui1ypZnAvZmn0KSqAUgE1/tUXIWaqUCa1758ts/Jio84GZuzsvUkme98kv0WFY8//n0J1Z+vsIsQ==",
      "license": "MIT",
      "dependencies": {
        "@octokit/request": "^8.3.0",
        "@octokit/types": "^13.0.0",
        "universal-user-agent": "^6.0.0"
      },
      "engines": {
        "node": ">= 18"
      }
    },
    "node_modules/@octokit/openapi-types": {
      "version": "23.0.1",
      "resolved": "https://registry.npmjs.org/@octokit/openapi-types/-/openapi-types-23.0.1.tgz",
      "integrity": "sha512-izFjMJ1sir0jn0ldEKhZ7xegCTj/ObmEDlEfpFrx4k/JyZSMRHbO3/rBwgE7f3m2DHt+RrNGIVw4wSmwnm3t/g==",
      "license": "MIT"
    },
    "node_modules/@octokit/plugin-paginate-rest": {
      "version": "9.2.1",
      "resolved": "https://registry.npmjs.org/@octokit/plugin-paginate-rest/-/plugin-paginate-rest-9.2.1.tgz",
      "integrity": "sha512-wfGhE/TAkXZRLjksFXuDZdmGnJQHvtU/joFQdweXUgzo1XwvBCD4o4+75NtFfjfLK5IwLf9vHTfSiU3sLRYpRw==",
      "license": "MIT",
      "dependencies": {
        "@octokit/types": "^12.6.0"
      },
      "engines": {
        "node": ">= 18"
      },
      "peerDependencies": {
        "@octokit/core": "5"
      }
    },
    "node_modules/@octokit/plugin-paginate-rest/node_modules/@octokit/openapi-types": {
      "version": "20.0.0",
      "resolved": "https://registry.npmjs.org/@octokit/openapi-types/-/openapi-types-20.0.0.tgz",
      "integrity": "sha512-EtqRBEjp1dL/15V7WiX5LJMIxxkdiGJnabzYx5Apx4FkQIFgAfKumXeYAqqJCj1s+BMX4cPFIFC4OLCR6stlnA==",
      "license": "MIT"
    },
    "node_modules/@octokit/plugin-paginate-rest/node_modules/@octokit/types": {
      "version": "12.6.0",
      "resolved": "https://registry.npmjs.org/@octokit/types/-/types-12.6.0.tgz",
      "integrity": "sha512-1rhSOfRa6H9w4YwK0yrf5faDaDTb+yLyBUKOCV4xtCDB5VmIPqd/v9yr9o6SAzOAlRxMiRiCic6JVM1/kunVkw==",
      "license": "MIT",
      "dependencies": {
        "@octokit/openapi-types": "^20.0.0"
      }
    },
    "node_modules/@octokit/plugin-rest-endpoint-methods": {
      "version": "10.4.1",
      "resolved": "https://registry.npmjs.org/@octokit/plugin-rest-endpoint-methods/-/plugin-rest-endpoint-methods-10.4.1.tgz",
      "integrity": "sha512-xV1b+ceKV9KytQe3zCVqjg+8GTGfDYwaT1ATU5isiUyVtlVAO3HNdzpS4sr4GBx4hxQ46s7ITtZrAsxG22+rVg==",
      "license": "MIT",
      "dependencies": {
        "@octokit/types": "^12.6.0"
      },
      "engines": {
        "node": ">= 18"
      },
      "peerDependencies": {
        "@octokit/core": "5"
      }
    },
    "node_modules/@octokit/plugin-rest-endpoint-methods/node_modules/@octokit/openapi-types": {
      "version": "20.0.0",
      "resolved": "https://registry.npmjs.org/@octokit/openapi-types/-/openapi-types-20.0.0.tgz",
      "integrity": "sha512-EtqRBEjp1dL/15V7WiX5LJMIxxkdiGJnabzYx5Apx4FkQIFgAfKumXeYAqqJCj1s+BMX4cPFIFC4OLCR6stlnA==",
      "license": "MIT"
    },
    "node_modules/@octokit/plugin-rest-endpoint-methods/node_modules/@octokit/types": {
      "version": "12.6.0",
      "resolved": "https://registry.npmjs.org/@octokit/types/-/types-12.6.0.tgz",
      "integrity": "sha512-1rhSOfRa6H9w4YwK0yrf5faDaDTb+yLyBUKOCV4xtCDB5VmIPqd/v9yr9o6SAzOAlRxMiRiCic6JVM1/kunVkw==",
      "license": "MIT",
      "dependencies": {
        "@octokit/openapi-types": "^20.0.0"
      }
    },
    "node_modules/@octokit/request": {
      "version": "8.4.0",
      "resolved": "https://registry.npmjs.org/@octokit/request/-/request-8.4.0.tgz",
      "integrity": "sha512-9Bb014e+m2TgBeEJGEbdplMVWwPmL1FPtggHQRkV+WVsMggPtEkLKPlcVYm/o8xKLkpJ7B+6N8WfQMtDLX2Dpw==",
      "license": "MIT",
      "dependencies": {
        "@octokit/endpoint": "^9.0.1",
        "@octokit/request-error": "^5.1.0",
        "@octokit/types": "^13.1.0",
        "universal-user-agent": "^6.0.0"
      },
      "engines": {
        "node": ">= 18"
      }
    },
    "node_modules/@octokit/request-error": {
      "version": "5.1.1",
      "resolved": "https://registry.npmjs.org/@octokit/request-error/-/request-error-5.1.1.tgz",
      "integrity": "sha512-v9iyEQJH6ZntoENr9/yXxjuezh4My67CBSu9r6Ve/05Iu5gNgnisNWOsoJHTP6k0Rr0+HQIpnH+kyammu90q/g==",
      "license": "MIT",
      "dependencies": {
        "@octokit/types": "^13.1.0",
        "deprecation": "^2.0.0",
        "once": "^1.4.0"
      },
      "engines": {
        "node": ">= 18"
      }
    },
    "node_modules/@octokit/types": {
      "version": "13.8.0",
      "resolved": "https://registry.npmjs.org/@octokit/types/-/types-13.8.0.tgz",
      "integrity": "sha512-x7DjTIbEpEWXK99DMd01QfWy0hd5h4EN+Q7shkdKds3otGQP+oWE/y0A76i1OvH9fygo4ddvNf7ZvF0t78P98A==",
      "license": "MIT",
      "dependencies": {
        "@octokit/openapi-types": "^23.0.1"
      }
    },
    "node_modules/before-after-hook": {
      "version": "2.2.3",
      "resolved": "https://registry.npmjs.org/before-after-hook/-/before-after-hook-2.2.3.tgz",
      "integrity": "sha512-NzUnlZexiaH/46WDhANlyR2bXRopNg4F/zuSA3OpZnllCUgRaOF2znDioDWrmbNVsuZk6l9pMquQB38cfBZwkQ==",
      "license": "Apache-2.0"
    },
    "node_modules/cross-spawn": {
      "version": "7.0.3",
      "resolved": "https://registry.npmjs.org/cross-spawn/-/cross-spawn-7.0.3.tgz",
      "integrity": "sha512-iRDPJKUPVEND7dHPO8rkbOnPpyDygcDFtWjpeWNCgy8WP2rXcxXL8TskReQl6OrB2G7+UJrags1q15Fudc7G6w==",
      "dependencies": {
        "path-key": "^3.1.0",
        "shebang-command": "^2.0.0",
        "which": "^2.0.1"
      },
      "engines": {
        "node": ">= 8"
      }
    },
    "node_modules/data-uri-to-buffer": {
      "version": "4.0.0",
      "resolved": "https://registry.npmjs.org/data-uri-to-buffer/-/data-uri-to-buffer-4.0.0.tgz",
      "integrity": "sha512-Vr3mLBA8qWmcuschSLAOogKgQ/Jwxulv3RNE4FXnYWRGujzrRWQI4m12fQqRkwX06C0KanhLr4hK+GydchZsaA==",
      "engines": {
        "node": ">= 12"
      }
    },
    "node_modules/deprecation": {
      "version": "2.3.1",
      "resolved": "https://registry.npmjs.org/deprecation/-/deprecation-2.3.1.tgz",
      "integrity": "sha512-xmHIy4F3scKVwMsQ4WnVaS8bHOx0DmVwRywosKhaILI0ywMDWPtBSku2HNxRvF7jtwDRsoEwYQSfbxj8b7RlJQ==",
      "license": "ISC"
    },
    "node_modules/execa": {
      "version": "5.1.1",
      "resolved": "https://registry.npmjs.org/execa/-/execa-5.1.1.tgz",
      "integrity": "sha512-8uSpZZocAZRBAPIEINJj3Lo9HyGitllczc27Eh5YYojjMFMn8yHMDMaUHE2Jqfq05D/wucwI4JGURyXt1vchyg==",
      "dependencies": {
        "cross-spawn": "^7.0.3",
        "get-stream": "^6.0.0",
        "human-signals": "^2.1.0",
        "is-stream": "^2.0.0",
        "merge-stream": "^2.0.0",
        "npm-run-path": "^4.0.1",
        "onetime": "^5.1.2",
        "signal-exit": "^3.0.3",
        "strip-final-newline": "^2.0.0"
      },
      "engines": {
        "node": ">=10"
      },
      "funding": {
        "url": "https://github.com/sindresorhus/execa?sponsor=1"
      }
    },
    "node_modules/fetch-blob": {
      "version": "3.1.4",
      "resolved": "https://registry.npmjs.org/fetch-blob/-/fetch-blob-3.1.4.tgz",
      "integrity": "sha512-Eq5Xv5+VlSrYWEqKrusxY1C3Hm/hjeAsCGVG3ft7pZahlUAChpGZT/Ms1WmSLnEAisEXszjzu/s+ce6HZB2VHA==",
      "funding": [
        {
          "type": "github",
          "url": "https://github.com/sponsors/jimmywarting"
        },
        {
          "type": "paypal",
          "url": "https://paypal.me/jimmywarting"
        }
      ],
      "dependencies": {
        "node-domexception": "^1.0.0",
        "web-streams-polyfill": "^3.0.3"
      },
      "engines": {
        "node": "^12.20 || >= 14.13"
      }
    },
    "node_modules/formdata-polyfill": {
      "version": "4.0.10",
      "resolved": "https://registry.npmjs.org/formdata-polyfill/-/formdata-polyfill-4.0.10.tgz",
      "integrity": "sha512-buewHzMvYL29jdeQTVILecSaZKnt/RJWjoZCF5OW60Z67/GmSLBkOFM7qh1PI3zFNtJbaZL5eQu1vLfazOwj4g==",
      "dependencies": {
        "fetch-blob": "^3.1.2"
      },
      "engines": {
        "node": ">=12.20.0"
      }
    },
    "node_modules/get-stream": {
      "version": "6.0.1",
      "resolved": "https://registry.npmjs.org/get-stream/-/get-stream-6.0.1.tgz",
      "integrity": "sha512-ts6Wi+2j3jQjqi70w5AlN8DFnkSwC+MqmxEzdEALB2qXZYV3X/b1CTfgPLGJNMeAWxdPfU8FO1ms3NUfaHCPYg==",
      "engines": {
        "node": ">=10"
      },
      "funding": {
        "url": "https://github.com/sponsors/sindresorhus"
      }
    },
    "node_modules/human-signals": {
      "version": "2.1.0",
      "resolved": "https://registry.npmjs.org/human-signals/-/human-signals-2.1.0.tgz",
      "integrity": "sha512-B4FFZ6q/T2jhhksgkbEW3HBvWIfDW85snkQgawt07S7J5QXTk6BkNV+0yAeZrM5QpMAdYlocGoljn0sJ/WQkFw==",
      "engines": {
        "node": ">=10.17.0"
      }
    },
    "node_modules/is-stream": {
      "version": "2.0.0",
      "resolved": "https://registry.npmjs.org/is-stream/-/is-stream-2.0.0.tgz",
      "integrity": "sha512-XCoy+WlUr7d1+Z8GgSuXmpuUFC9fOhRXglJMx+dwLKTkL44Cjd4W1Z5P+BQZpr+cR93aGP4S/s7Ftw6Nd/kiEw==",
      "engines": {
        "node": ">=8"
      }
    },
    "node_modules/isexe": {
      "version": "2.0.0",
      "resolved": "https://registry.npmjs.org/isexe/-/isexe-2.0.0.tgz",
      "integrity": "sha1-6PvzdNxVb/iUehDcsFctYz8s+hA="
    },
    "node_modules/merge-stream": {
      "version": "2.0.0",
      "resolved": "https://registry.npmjs.org/merge-stream/-/merge-stream-2.0.0.tgz",
      "integrity": "sha512-abv/qOcuPfk3URPfDzmZU1LKmuw8kT+0nIHvKrKgFrwifol/doWcdA4ZqsWQ8ENrFKkd67Mfpo/LovbIUsbt3w=="
    },
    "node_modules/mimic-fn": {
      "version": "2.1.0",
      "resolved": "https://registry.npmjs.org/mimic-fn/-/mimic-fn-2.1.0.tgz",
      "integrity": "sha512-OqbOk5oEQeAZ8WXWydlu9HJjz9WVdEIvamMCcXmuqUYjTknH/sqsWvhQ3vgwKFRR1HpjvNBKQ37nbJgYzGqGcg==",
      "engines": {
        "node": ">=6"
      }
    },
    "node_modules/node-domexception": {
      "version": "1.0.0",
      "resolved": "https://registry.npmjs.org/node-domexception/-/node-domexception-1.0.0.tgz",
      "integrity": "sha512-/jKZoMpw0F8GRwl4/eLROPA3cfcXtLApP0QzLmUT/HuPCZWyB7IY9ZrMeKw2O/nFIqPQB3PVM9aYm0F312AXDQ==",
      "funding": [
        {
          "type": "github",
          "url": "https://github.com/sponsors/jimmywarting"
        },
        {
          "type": "github",
          "url": "https://paypal.me/jimmywarting"
        }
      ],
      "engines": {
        "node": ">=10.5.0"
      }
    },
    "node_modules/node-fetch": {
      "version": "3.2.0",
      "resolved": "https://registry.npmjs.org/node-fetch/-/node-fetch-3.2.0.tgz",
      "integrity": "sha512-8xeimMwMItMw8hRrOl3C9/xzU49HV/yE6ORew/l+dxWimO5A4Ra8ld2rerlJvc/O7et5Z1zrWsPX43v1QBjCxw==",
      "dependencies": {
        "data-uri-to-buffer": "^4.0.0",
        "fetch-blob": "^3.1.4",
        "formdata-polyfill": "^4.0.10"
      },
      "engines": {
        "node": "^12.20.0 || ^14.13.1 || >=16.0.0"
      },
      "funding": {
        "type": "opencollective",
        "url": "https://opencollective.com/node-fetch"
      }
    },
    "node_modules/npm-run-path": {
      "version": "4.0.1",
      "resolved": "https://registry.npmjs.org/npm-run-path/-/npm-run-path-4.0.1.tgz",
      "integrity": "sha512-S48WzZW777zhNIrn7gxOlISNAqi9ZC/uQFnRdbeIHhZhCA6UqpkOT8T1G7BvfdgP4Er8gF4sUbaS0i7QvIfCWw==",
      "dependencies": {
        "path-key": "^3.0.0"
      },
      "engines": {
        "node": ">=8"
      }
    },
    "node_modules/once": {
      "version": "1.4.0",
      "resolved": "https://registry.npmjs.org/once/-/once-1.4.0.tgz",
      "integrity": "sha512-lNaJgI+2Q5URQBkccEKHTQOPaXdUxnZZElQTZY0MFUAuaEqe1E+Nyvgdz/aIyNi6Z9MzO5dv1H8n58/GELp3+w==",
      "license": "ISC",
      "dependencies": {
        "wrappy": "1"
      }
    },
    "node_modules/onetime": {
      "version": "5.1.2",
      "resolved": "https://registry.npmjs.org/onetime/-/onetime-5.1.2.tgz",
      "integrity": "sha512-kbpaSSGJTWdAY5KPVeMOKXSrPtr8C8C7wodJbcsd51jRnmD+GZu8Y0VoU6Dm5Z4vWr0Ig/1NKuWRKf7j5aaYSg==",
      "dependencies": {
        "mimic-fn": "^2.1.0"
      },
      "engines": {
        "node": ">=6"
      },
      "funding": {
        "url": "https://github.com/sponsors/sindresorhus"
      }
    },
    "node_modules/path-key": {
      "version": "3.1.1",
      "resolved": "https://registry.npmjs.org/path-key/-/path-key-3.1.1.tgz",
      "integrity": "sha512-ojmeN0qd+y0jszEtoY48r0Peq5dwMEkIlCOu6Q5f41lfkswXuKtYrhgoTpLnyIcHm24Uhqx+5Tqm2InSwLhE6Q==",
      "engines": {
        "node": ">=8"
      }
    },
    "node_modules/shebang-command": {
      "version": "2.0.0",
      "resolved": "https://registry.npmjs.org/shebang-command/-/shebang-command-2.0.0.tgz",
      "integrity": "sha512-kHxr2zZpYtdmrN1qDjrrX/Z1rR1kG8Dx+gkpK1G4eXmvXswmcE1hTWBWYUzlraYw1/yZp6YuDY77YtvbN0dmDA==",
      "dependencies": {
        "shebang-regex": "^3.0.0"
      },
      "engines": {
        "node": ">=8"
      }
    },
    "node_modules/shebang-regex": {
      "version": "3.0.0",
      "resolved": "https://registry.npmjs.org/shebang-regex/-/shebang-regex-3.0.0.tgz",
      "integrity": "sha512-7++dFhtcx3353uBaq8DDR4NuxBetBzC7ZQOhmTQInHEd6bSrXdiEyzCvG07Z44UYdLShWUyXt5M/yhz8ekcb1A==",
      "engines": {
        "node": ">=8"
      }
    },
    "node_modules/signal-exit": {
      "version": "3.0.3",
      "resolved": "https://registry.npmjs.org/signal-exit/-/signal-exit-3.0.3.tgz",
      "integrity": "sha512-VUJ49FC8U1OxwZLxIbTTrDvLnf/6TDgxZcK8wxR8zs13xpx7xbG60ndBlhNrFi2EMuFRoeDoJO7wthSLq42EjA=="
    },
    "node_modules/strip-final-newline": {
      "version": "2.0.0",
      "resolved": "https://registry.npmjs.org/strip-final-newline/-/strip-final-newline-2.0.0.tgz",
      "integrity": "sha512-BrpvfNAE3dcvq7ll3xVumzjKjZQ5tI1sEUIKr3Uoks0XUl45St3FlatVqef9prk4jRDzhW6WZg+3bk93y6pLjA==",
      "engines": {
        "node": ">=6"
      }
    },
    "node_modules/tunnel": {
      "version": "0.0.6",
      "resolved": "https://registry.npmjs.org/tunnel/-/tunnel-0.0.6.tgz",
      "integrity": "sha512-1h/Lnq9yajKY2PEbBadPXj3VxsDDu844OnaAo52UVmIzIvwwtBPIuNvkjuzBlTWpfJyUbG3ez0KSBibQkj4ojg==",
      "license": "MIT",
      "engines": {
        "node": ">=0.6.11 <=0.7.0 || >=0.7.3"
      }
    },
    "node_modules/undici": {
      "version": "5.28.5",
      "resolved": "https://registry.npmjs.org/undici/-/undici-5.28.5.tgz",
      "integrity": "sha512-zICwjrDrcrUE0pyyJc1I2QzBkLM8FINsgOrt6WjA+BgajVq9Nxu2PbFFXUrAggLfDXlZGZBVZYw7WNV5KiBiBA==",
      "license": "MIT",
      "dependencies": {
        "@fastify/busboy": "^2.0.0"
      },
      "engines": {
        "node": ">=14.0"
      }
    },
    "node_modules/universal-user-agent": {
      "version": "6.0.1",
      "resolved": "https://registry.npmjs.org/universal-user-agent/-/universal-user-agent-6.0.1.tgz",
      "integrity": "sha512-yCzhz6FN2wU1NiiQRogkTQszlQSlpWaw8SvVegAc+bDxbzHgh1vX8uIe8OYyMH6DwH+sdTJsgMl36+mSMdRJIQ==",
      "license": "ISC"
    },
    "node_modules/web-streams-polyfill": {
      "version": "3.2.0",
      "resolved": "https://registry.npmjs.org/web-streams-polyfill/-/web-streams-polyfill-3.2.0.tgz",
      "integrity": "sha512-EqPmREeOzttaLRm5HS7io98goBgZ7IVz79aDvqjD0kYXLtFZTc0T/U6wHTPKyIjb+MdN7DFIIX6hgdBEpWmfPA==",
      "engines": {
        "node": ">= 8"
      }
    },
    "node_modules/which": {
      "version": "2.0.2",
      "resolved": "https://registry.npmjs.org/which/-/which-2.0.2.tgz",
      "integrity": "sha512-BLI3Tl1TW3Pvl70l3yq3Y64i+awpwXqsGBYWkkqMtnbXgrMD+yj7rhW0kuEDxzJaYXGjEW5ogapKNMEKNMjibA==",
      "dependencies": {
        "isexe": "^2.0.0"
      },
      "bin": {
        "node-which": "bin/node-which"
      },
      "engines": {
        "node": ">= 8"
      }
    },
    "node_modules/wrappy": {
      "version": "1.0.2",
      "resolved": "https://registry.npmjs.org/wrappy/-/wrappy-1.0.2.tgz",
      "integrity": "sha512-l4Sp/DRseor9wL6EvV2+TuQn63dMkPjZ/sp9XkghTEbV9KlPS1xUsZ3u7/IQO4wxtcFB4bgpQPRcR3QCvezPcQ==",
      "license": "ISC"
    }
  }
}
